
Microsoft Visual Studio Solution File, Format Version 12.00
# Visual Studio Version 17
VisualStudioVersion = 17.5.002.0
MinimumVisualStudioVersion = 10.0.40219.1
Project("{9A19103F-16F7-4668-BE54-9A1E7A4F7556}") = "AdventOfCode_CSharp", "AdventOfCode_CSharp.csproj", "{59A1C63B-136E-423D-B292-D7D858818606}"
EndProject
Global
	GlobalSection(SolutionConfigurationPlatforms) = preSolution
		Debug|Any CPU = Debug|Any CPU
		Release|Any CPU = Release|Any CPU
	EndGlobalSection
	GlobalSection(ProjectConfigurationPlatforms) = postSolution
		{59A1C63B-136E-423D-B292-D7D858818606}.Debug|Any CPU.ActiveCfg = Debug|Any CPU
		{59A1C63B-136E-423D-B292-D7D858818606}.Debug|Any CPU.Build.0 = Debug|Any CPU
		{59A1C63B-136E-423D-B292-D7D858818606}.Release|Any CPU.ActiveCfg = Release|Any CPU
		{59A1C63B-136E-423D-B292-D7D858818606}.Release|Any CPU.Build.0 = Release|Any CPU
	EndGlobalSection
	GlobalSection(SolutionProperties) = preSolution
		HideSolutionNode = FALSE
	EndGlobalSection
	GlobalSection(ExtensibilityGlobals) = postSolution
		SolutionGuid = {8F57718D-BCCC-4782-828A-B64C31D22250}
	EndGlobalSection
EndGlobal
