
Microsoft Visual Studio Solution File, Format Version 12.00
# Visual Studio Version 17
VisualStudioVersion = 17.5.002.0
MinimumVisualStudioVersion = 10.0.40219.1
Project("{9A19103F-16F7-4668-BE54-9A1E7A4F7556}") = "2021", "2021.csproj", "{E0141953-819C-4E96-B506-EB2521ED7936}"
EndProject
Global
	GlobalSection(SolutionConfigurationPlatforms) = preSolution
		Debug|Any CPU = Debug|Any CPU
		Release|Any CPU = Release|Any CPU
	EndGlobalSection
	GlobalSection(ProjectConfigurationPlatforms) = postSolution
		{E0141953-819C-4E96-B506-EB2521ED7936}.Debug|Any CPU.ActiveCfg = Debug|Any CPU
		{E0141953-819C-4E96-B506-EB2521ED7936}.Debug|Any CPU.Build.0 = Debug|Any CPU
		{E0141953-819C-4E96-B506-EB2521ED7936}.Release|Any CPU.ActiveCfg = Release|Any CPU
		{E0141953-819C-4E96-B506-EB2521ED7936}.Release|Any CPU.Build.0 = Release|Any CPU
	EndGlobalSection
	GlobalSection(SolutionProperties) = preSolution
		HideSolutionNode = FALSE
	EndGlobalSection
	GlobalSection(ExtensibilityGlobals) = postSolution
		SolutionGuid = {BA0E0F9D-58DA-4EE1-86EF-689099A411F5}
	EndGlobalSection
EndGlobal
